
Microsoft Visual Studio Solution File, Format Version 12.00
# Visual Studio Version 17
VisualStudioVersion = 17.9.34714.143
MinimumVisualStudioVersion = 10.0.40219.1
Project("{FAE04EC0-301F-11D3-BF4B-00C04F79EFBC}") = "BookManagement_DoHuynhNguyenVu", "BookManagement_DoHuynhNguyenVu\BookManagement_DoHuynhNguyenVu.csproj", "{85E5F441-D047-4D5C-8402-2F80773ECCDA}"
EndProject
Project("{FAE04EC0-301F-11D3-BF4B-00C04F79EFBC}") = "Repositories", "Repositories\Repositories.csproj", "{52198B5B-2537-4577-B7A8-CF856891A8A3}"
EndProject
Project("{FAE04EC0-301F-11D3-BF4B-00C04F79EFBC}") = "Services", "Services\Services.csproj", "{8B936BD9-3818-4F09-AC56-0E1BA9608EDF}"
EndProject
Global
	GlobalSection(SolutionConfigurationPlatforms) = preSolution
		Debug|Any CPU = Debug|Any CPU
		Release|Any CPU = Release|Any CPU
	EndGlobalSection
	GlobalSection(ProjectConfigurationPlatforms) = postSolution
		{85E5F441-D047-4D5C-8402-2F80773ECCDA}.Debug|Any CPU.ActiveCfg = Debug|Any CPU
		{85E5F441-D047-4D5C-8402-2F80773ECCDA}.Debug|Any CPU.Build.0 = Debug|Any CPU
		{85E5F441-D047-4D5C-8402-2F80773ECCDA}.Release|Any CPU.ActiveCfg = Release|Any CPU
		{85E5F441-D047-4D5C-8402-2F80773ECCDA}.Release|Any CPU.Build.0 = Release|Any CPU
		{52198B5B-2537-4577-B7A8-CF856891A8A3}.Debug|Any CPU.ActiveCfg = Debug|Any CPU
		{52198B5B-2537-4577-B7A8-CF856891A8A3}.Debug|Any CPU.Build.0 = Debug|Any CPU
		{52198B5B-2537-4577-B7A8-CF856891A8A3}.Release|Any CPU.ActiveCfg = Release|Any CPU
		{52198B5B-2537-4577-B7A8-CF856891A8A3}.Release|Any CPU.Build.0 = Release|Any CPU
		{8B936BD9-3818-4F09-AC56-0E1BA9608EDF}.Debug|Any CPU.ActiveCfg = Debug|Any CPU
		{8B936BD9-3818-4F09-AC56-0E1BA9608EDF}.Debug|Any CPU.Build.0 = Debug|Any CPU
		{8B936BD9-3818-4F09-AC56-0E1BA9608EDF}.Release|Any CPU.ActiveCfg = Release|Any CPU
		{8B936BD9-3818-4F09-AC56-0E1BA9608EDF}.Release|Any CPU.Build.0 = Release|Any CPU
	EndGlobalSection
	GlobalSection(SolutionProperties) = preSolution
		HideSolutionNode = FALSE
	EndGlobalSection
	GlobalSection(ExtensibilityGlobals) = postSolution
		SolutionGuid = {BD22181A-5765-42D8-B482-F54D6A3B4EBA}
	EndGlobalSection
EndGlobal
